// !$*UTF8*$!
{
	archiveVersion = 1;
	classes = {
	};
	objectVersion = 56;
	objects = {

/* Begin PBXBuildFile section */
		4FC1C63B2AAB26FE00F5CA71 /* AppDelegate.swift in Sources */ = {isa = PBXBuildFile; fileRef = 4FC1C63A2AAB26FE00F5CA71 /* AppDelegate.swift */; };
		4FC1C63D2AAB26FE00F5CA71 /* SceneDelegate.swift in Sources */ = {isa = PBXBuildFile; fileRef = 4FC1C63C2AAB26FE00F5CA71 /* SceneDelegate.swift */; };
		4FC1C6402AAB26FE00F5CA71 /* LaunchScreen.storyboard in Resources */ = {isa = PBXBuildFile; fileRef = 4FC1C63E2AAB26FE00F5CA71 /* LaunchScreen.storyboard */; };
		4FC1C6432AAB26FE00F5CA71 /* Main.storyboard in Resources */ = {isa = PBXBuildFile; fileRef = 4FC1C6412AAB26FE00F5CA71 /* Main.storyboard */; };
		4FC1C64C2AAB26FE00F5CA71 /* AppDelegate.swift in Sources */ = {isa = PBXBuildFile; fileRef = 4FC1C64B2AAB26FE00F5CA71 /* AppDelegate.swift */; };
		4FC1C64F2AAB26FE00F5CA71 /* Main.storyboard in Resources */ = {isa = PBXBuildFile; fileRef = 4FC1C64D2AAB26FE00F5CA71 /* Main.storyboard */; };
		4FC1C6572AAB26FE00F5CA71 /* Focus Log Extension.appex in Embed Foundation Extensions */ = {isa = PBXBuildFile; fileRef = 4FC1C6562AAB26FE00F5CA71 /* Focus Log Extension.appex */; settings = {ATTRIBUTES = (RemoveHeadersOnCopy, ); }; };
		4FC1C6612AAB26FE00F5CA71 /* Focus Log Extension.appex in Embed Foundation Extensions */ = {isa = PBXBuildFile; fileRef = 4FC1C6602AAB26FE00F5CA71 /* Focus Log Extension.appex */; settings = {ATTRIBUTES = (RemoveHeadersOnCopy, ); }; };
		4FC1C6672AAB26FE00F5CA71 /* Main.html in Resources */ = {isa = PBXBuildFile; fileRef = 4FC1C62A2AAB26FE00F5CA71 /* Main.html */; };
		4FC1C6682AAB26FE00F5CA71 /* Main.html in Resources */ = {isa = PBXBuildFile; fileRef = 4FC1C62A2AAB26FE00F5CA71 /* Main.html */; };
		4FC1C6692AAB26FE00F5CA71 /* Icon.png in Resources */ = {isa = PBXBuildFile; fileRef = 4FC1C62C2AAB26FE00F5CA71 /* Icon.png */; };
		4FC1C66A2AAB26FE00F5CA71 /* Icon.png in Resources */ = {isa = PBXBuildFile; fileRef = 4FC1C62C2AAB26FE00F5CA71 /* Icon.png */; };
		4FC1C66B2AAB26FE00F5CA71 /* Style.css in Resources */ = {isa = PBXBuildFile; fileRef = 4FC1C62D2AAB26FE00F5CA71 /* Style.css */; };
		4FC1C66C2AAB26FE00F5CA71 /* Style.css in Resources */ = {isa = PBXBuildFile; fileRef = 4FC1C62D2AAB26FE00F5CA71 /* Style.css */; };
		4FC1C66D2AAB26FE00F5CA71 /* Script.js in Resources */ = {isa = PBXBuildFile; fileRef = 4FC1C62E2AAB26FE00F5CA71 /* Script.js */; };
		4FC1C66E2AAB26FE00F5CA71 /* Script.js in Resources */ = {isa = PBXBuildFile; fileRef = 4FC1C62E2AAB26FE00F5CA71 /* Script.js */; };
		4FC1C66F2AAB26FE00F5CA71 /* ViewController.swift in Sources */ = {isa = PBXBuildFile; fileRef = 4FC1C62F2AAB26FE00F5CA71 /* ViewController.swift */; };
		4FC1C6702AAB26FE00F5CA71 /* ViewController.swift in Sources */ = {isa = PBXBuildFile; fileRef = 4FC1C62F2AAB26FE00F5CA71 /* ViewController.swift */; };
		4FC1C6712AAB26FE00F5CA71 /* Assets.xcassets in Resources */ = {isa = PBXBuildFile; fileRef = 4FC1C6302AAB26FE00F5CA71 /* Assets.xcassets */; };
		4FC1C6722AAB26FE00F5CA71 /* Assets.xcassets in Resources */ = {isa = PBXBuildFile; fileRef = 4FC1C6302AAB26FE00F5CA71 /* Assets.xcassets */; };
		4FC1C6732AAB26FE00F5CA71 /* SafariWebExtensionHandler.swift in Sources */ = {isa = PBXBuildFile; fileRef = 4FC1C6322AAB26FE00F5CA71 /* SafariWebExtensionHandler.swift */; };
		4FC1C6742AAB26FE00F5CA71 /* SafariWebExtensionHandler.swift in Sources */ = {isa = PBXBuildFile; fileRef = 4FC1C6322AAB26FE00F5CA71 /* SafariWebExtensionHandler.swift */; };
		4FC1C68C2AAB26FF00F5CA71 /* index.html in Resources */ = {isa = PBXBuildFile; fileRef = 4FC1C6862AAB26FF00F5CA71 /* index.html */; };
		4FC1C68D2AAB26FF00F5CA71 /* popup.html in Resources */ = {isa = PBXBuildFile; fileRef = 4FC1C6872AAB26FF00F5CA71 /* popup.html */; };
		4FC1C68E2AAB26FF00F5CA71 /* vite.svg in Resources */ = {isa = PBXBuildFile; fileRef = 4FC1C6882AAB26FF00F5CA71 /* vite.svg */; };
		4FC1C68F2AAB26FF00F5CA71 /* manifest.json in Resources */ = {isa = PBXBuildFile; fileRef = 4FC1C6892AAB26FF00F5CA71 /* manifest.json */; };
		4FC1C6902AAB26FF00F5CA71 /* options.html in Resources */ = {isa = PBXBuildFile; fileRef = 4FC1C68A2AAB26FF00F5CA71 /* options.html */; };
		4FC1C6912AAB26FF00F5CA71 /* assets in Resources */ = {isa = PBXBuildFile; fileRef = 4FC1C68B2AAB26FF00F5CA71 /* assets */; };
		4FC1C6922AAB26FF00F5CA71 /* index.html in Resources */ = {isa = PBXBuildFile; fileRef = 4FC1C6862AAB26FF00F5CA71 /* index.html */; };
		4FC1C6932AAB26FF00F5CA71 /* popup.html in Resources */ = {isa = PBXBuildFile; fileRef = 4FC1C6872AAB26FF00F5CA71 /* popup.html */; };
		4FC1C6942AAB26FF00F5CA71 /* vite.svg in Resources */ = {isa = PBXBuildFile; fileRef = 4FC1C6882AAB26FF00F5CA71 /* vite.svg */; };
		4FC1C6952AAB26FF00F5CA71 /* manifest.json in Resources */ = {isa = PBXBuildFile; fileRef = 4FC1C6892AAB26FF00F5CA71 /* manifest.json */; };
		4FC1C6962AAB26FF00F5CA71 /* options.html in Resources */ = {isa = PBXBuildFile; fileRef = 4FC1C68A2AAB26FF00F5CA71 /* options.html */; };
		4FC1C6972AAB26FF00F5CA71 /* assets in Resources */ = {isa = PBXBuildFile; fileRef = 4FC1C68B2AAB26FF00F5CA71 /* assets */; };
/* End PBXBuildFile section */

/* Begin PBXContainerItemProxy section */
		4FC1C6582AAB26FE00F5CA71 /* PBXContainerItemProxy */ = {
			isa = PBXContainerItemProxy;
			containerPortal = 4FC1C6242AAB26FD00F5CA71 /* Project object */;
			proxyType = 1;
			remoteGlobalIDString = 4FC1C6552AAB26FE00F5CA71;
			remoteInfo = "Focus Log Extension (iOS)";
		};
		4FC1C6622AAB26FE00F5CA71 /* PBXContainerItemProxy */ = {
			isa = PBXContainerItemProxy;
			containerPortal = 4FC1C6242AAB26FD00F5CA71 /* Project object */;
			proxyType = 1;
			remoteGlobalIDString = 4FC1C65F2AAB26FE00F5CA71;
			remoteInfo = "Focus Log Extension (macOS)";
		};
/* End PBXContainerItemProxy section */

/* Begin PBXCopyFilesBuildPhase section */
		4FC1C67A2AAB26FE00F5CA71 /* Embed Foundation Extensions */ = {
			isa = PBXCopyFilesBuildPhase;
			buildActionMask = 2147483647;
			dstPath = "";
			dstSubfolderSpec = 13;
			files = (
				4FC1C6572AAB26FE00F5CA71 /* Focus Log Extension.appex in Embed Foundation Extensions */,
			);
			name = "Embed Foundation Extensions";
			runOnlyForDeploymentPostprocessing = 0;
		};
		4FC1C6812AAB26FE00F5CA71 /* Embed Foundation Extensions */ = {
			isa = PBXCopyFilesBuildPhase;
			buildActionMask = 2147483647;
			dstPath = "";
			dstSubfolderSpec = 13;
			files = (
				4FC1C6612AAB26FE00F5CA71 /* Focus Log Extension.appex in Embed Foundation Extensions */,
			);
			name = "Embed Foundation Extensions";
			runOnlyForDeploymentPostprocessing = 0;
		};
/* End PBXCopyFilesBuildPhase section */

/* Begin PBXFileReference section */
		4FC1C62B2AAB26FE00F5CA71 /* Base */ = {isa = PBXFileReference; lastKnownFileType = text.html; name = Base; path = ../Base.lproj/Main.html; sourceTree = "<group>"; };
		4FC1C62C2AAB26FE00F5CA71 /* Icon.png */ = {isa = PBXFileReference; lastKnownFileType = image.png; path = Icon.png; sourceTree = "<group>"; };
		4FC1C62D2AAB26FE00F5CA71 /* Style.css */ = {isa = PBXFileReference; lastKnownFileType = text.css; path = Style.css; sourceTree = "<group>"; };
		4FC1C62E2AAB26FE00F5CA71 /* Script.js */ = {isa = PBXFileReference; lastKnownFileType = sourcecode.javascript; path = Script.js; sourceTree = "<group>"; };
		4FC1C62F2AAB26FE00F5CA71 /* ViewController.swift */ = {isa = PBXFileReference; lastKnownFileType = sourcecode.swift; path = ViewController.swift; sourceTree = "<group>"; };
		4FC1C6302AAB26FE00F5CA71 /* Assets.xcassets */ = {isa = PBXFileReference; lastKnownFileType = folder.assetcatalog; path = Assets.xcassets; sourceTree = "<group>"; };
		4FC1C6322AAB26FE00F5CA71 /* SafariWebExtensionHandler.swift */ = {isa = PBXFileReference; lastKnownFileType = sourcecode.swift; path = SafariWebExtensionHandler.swift; sourceTree = "<group>"; };
		4FC1C6372AAB26FE00F5CA71 /* Focus Log.app */ = {isa = PBXFileReference; explicitFileType = wrapper.application; includeInIndex = 0; path = "Focus Log.app"; sourceTree = BUILT_PRODUCTS_DIR; };
		4FC1C63A2AAB26FE00F5CA71 /* AppDelegate.swift */ = {isa = PBXFileReference; lastKnownFileType = sourcecode.swift; path = AppDelegate.swift; sourceTree = "<group>"; };
		4FC1C63C2AAB26FE00F5CA71 /* SceneDelegate.swift */ = {isa = PBXFileReference; lastKnownFileType = sourcecode.swift; path = SceneDelegate.swift; sourceTree = "<group>"; };
		4FC1C63F2AAB26FE00F5CA71 /* Base */ = {isa = PBXFileReference; lastKnownFileType = file.storyboard; name = Base; path = Base.lproj/LaunchScreen.storyboard; sourceTree = "<group>"; };
		4FC1C6422AAB26FE00F5CA71 /* Base */ = {isa = PBXFileReference; lastKnownFileType = file.storyboard; name = Base; path = Base.lproj/Main.storyboard; sourceTree = "<group>"; };
		4FC1C6442AAB26FE00F5CA71 /* Info.plist */ = {isa = PBXFileReference; lastKnownFileType = text.plist.xml; path = Info.plist; sourceTree = "<group>"; };
		4FC1C6492AAB26FE00F5CA71 /* Focus Log.app */ = {isa = PBXFileReference; explicitFileType = wrapper.application; includeInIndex = 0; path = "Focus Log.app"; sourceTree = BUILT_PRODUCTS_DIR; };
		4FC1C64B2AAB26FE00F5CA71 /* AppDelegate.swift */ = {isa = PBXFileReference; lastKnownFileType = sourcecode.swift; path = AppDelegate.swift; sourceTree = "<group>"; };
		4FC1C64E2AAB26FE00F5CA71 /* Base */ = {isa = PBXFileReference; lastKnownFileType = file.storyboard; name = Base; path = Base.lproj/Main.storyboard; sourceTree = "<group>"; };
		4FC1C6502AAB26FE00F5CA71 /* Info.plist */ = {isa = PBXFileReference; lastKnownFileType = text.plist.xml; path = Info.plist; sourceTree = "<group>"; };
		4FC1C6512AAB26FE00F5CA71 /* Focus Log.entitlements */ = {isa = PBXFileReference; lastKnownFileType = text.plist.entitlements; path = "Focus Log.entitlements"; sourceTree = "<group>"; };
		4FC1C6562AAB26FE00F5CA71 /* Focus Log Extension.appex */ = {isa = PBXFileReference; explicitFileType = "wrapper.app-extension"; includeInIndex = 0; path = "Focus Log Extension.appex"; sourceTree = BUILT_PRODUCTS_DIR; };
		4FC1C65B2AAB26FE00F5CA71 /* Info.plist */ = {isa = PBXFileReference; lastKnownFileType = text.plist.xml; path = Info.plist; sourceTree = "<group>"; };
		4FC1C6602AAB26FE00F5CA71 /* Focus Log Extension.appex */ = {isa = PBXFileReference; explicitFileType = "wrapper.app-extension"; includeInIndex = 0; path = "Focus Log Extension.appex"; sourceTree = BUILT_PRODUCTS_DIR; };
		4FC1C6652AAB26FE00F5CA71 /* Info.plist */ = {isa = PBXFileReference; lastKnownFileType = text.plist.xml; path = Info.plist; sourceTree = "<group>"; };
		4FC1C6662AAB26FE00F5CA71 /* Focus Log.entitlements */ = {isa = PBXFileReference; lastKnownFileType = text.plist.entitlements; path = "Focus Log.entitlements"; sourceTree = "<group>"; };
		4FC1C6862AAB26FF00F5CA71 /* index.html */ = {isa = PBXFileReference; lastKnownFileType = text.html; name = index.html; path = ../../dist/index.html; sourceTree = "<group>"; };
		4FC1C6872AAB26FF00F5CA71 /* popup.html */ = {isa = PBXFileReference; lastKnownFileType = text.html; name = popup.html; path = ../../dist/popup.html; sourceTree = "<group>"; };
		4FC1C6882AAB26FF00F5CA71 /* vite.svg */ = {isa = PBXFileReference; lastKnownFileType = text; name = vite.svg; path = ../../dist/vite.svg; sourceTree = "<group>"; };
		4FC1C6892AAB26FF00F5CA71 /* manifest.json */ = {isa = PBXFileReference; lastKnownFileType = text.json; name = manifest.json; path = ../../dist/manifest.json; sourceTree = "<group>"; };
		4FC1C68A2AAB26FF00F5CA71 /* options.html */ = {isa = PBXFileReference; lastKnownFileType = text.html; name = options.html; path = ../../dist/options.html; sourceTree = "<group>"; };
		4FC1C68B2AAB26FF00F5CA71 /* assets */ = {isa = PBXFileReference; lastKnownFileType = folder; name = assets; path = ../../dist/assets; sourceTree = "<group>"; };
/* End PBXFileReference section */

/* Begin PBXFrameworksBuildPhase section */
		4FC1C6342AAB26FE00F5CA71 /* Frameworks */ = {
			isa = PBXFrameworksBuildPhase;
			buildActionMask = 2147483647;
			files = (
			);
			runOnlyForDeploymentPostprocessing = 0;
		};
		4FC1C6462AAB26FE00F5CA71 /* Frameworks */ = {
			isa = PBXFrameworksBuildPhase;
			buildActionMask = 2147483647;
			files = (
			);
			runOnlyForDeploymentPostprocessing = 0;
		};
		4FC1C6532AAB26FE00F5CA71 /* Frameworks */ = {
			isa = PBXFrameworksBuildPhase;
			buildActionMask = 2147483647;
			files = (
			);
			runOnlyForDeploymentPostprocessing = 0;
		};
		4FC1C65D2AAB26FE00F5CA71 /* Frameworks */ = {
			isa = PBXFrameworksBuildPhase;
			buildActionMask = 2147483647;
			files = (
			);
			runOnlyForDeploymentPostprocessing = 0;
		};
/* End PBXFrameworksBuildPhase section */

/* Begin PBXGroup section */
		4FC1C6232AAB26FD00F5CA71 = {
			isa = PBXGroup;
			children = (
				4FC1C6282AAB26FD00F5CA71 /* Shared (App) */,
				4FC1C6312AAB26FE00F5CA71 /* Shared (Extension) */,
				4FC1C6392AAB26FE00F5CA71 /* iOS (App) */,
				4FC1C64A2AAB26FE00F5CA71 /* macOS (App) */,
				4FC1C65A2AAB26FE00F5CA71 /* iOS (Extension) */,
				4FC1C6642AAB26FE00F5CA71 /* macOS (Extension) */,
				4FC1C6382AAB26FE00F5CA71 /* Products */,
			);
			sourceTree = "<group>";
		};
		4FC1C6282AAB26FD00F5CA71 /* Shared (App) */ = {
			isa = PBXGroup;
			children = (
				4FC1C62F2AAB26FE00F5CA71 /* ViewController.swift */,
				4FC1C6302AAB26FE00F5CA71 /* Assets.xcassets */,
				4FC1C6292AAB26FE00F5CA71 /* Resources */,
			);
			path = "Shared (App)";
			sourceTree = "<group>";
		};
		4FC1C6292AAB26FE00F5CA71 /* Resources */ = {
			isa = PBXGroup;
			children = (
				4FC1C62A2AAB26FE00F5CA71 /* Main.html */,
				4FC1C62C2AAB26FE00F5CA71 /* Icon.png */,
				4FC1C62D2AAB26FE00F5CA71 /* Style.css */,
				4FC1C62E2AAB26FE00F5CA71 /* Script.js */,
			);
			path = Resources;
			sourceTree = "<group>";
		};
		4FC1C6312AAB26FE00F5CA71 /* Shared (Extension) */ = {
			isa = PBXGroup;
			children = (
				4FC1C6852AAB26FF00F5CA71 /* Resources */,
				4FC1C6322AAB26FE00F5CA71 /* SafariWebExtensionHandler.swift */,
			);
			path = "Shared (Extension)";
			sourceTree = "<group>";
		};
		4FC1C6382AAB26FE00F5CA71 /* Products */ = {
			isa = PBXGroup;
			children = (
				4FC1C6372AAB26FE00F5CA71 /* Focus Log.app */,
				4FC1C6492AAB26FE00F5CA71 /* Focus Log.app */,
				4FC1C6562AAB26FE00F5CA71 /* Focus Log Extension.appex */,
				4FC1C6602AAB26FE00F5CA71 /* Focus Log Extension.appex */,
			);
			name = Products;
			sourceTree = "<group>";
		};
		4FC1C6392AAB26FE00F5CA71 /* iOS (App) */ = {
			isa = PBXGroup;
			children = (
				4FC1C63A2AAB26FE00F5CA71 /* AppDelegate.swift */,
				4FC1C63C2AAB26FE00F5CA71 /* SceneDelegate.swift */,
				4FC1C63E2AAB26FE00F5CA71 /* LaunchScreen.storyboard */,
				4FC1C6412AAB26FE00F5CA71 /* Main.storyboard */,
				4FC1C6442AAB26FE00F5CA71 /* Info.plist */,
			);
			path = "iOS (App)";
			sourceTree = "<group>";
		};
		4FC1C64A2AAB26FE00F5CA71 /* macOS (App) */ = {
			isa = PBXGroup;
			children = (
				4FC1C64B2AAB26FE00F5CA71 /* AppDelegate.swift */,
				4FC1C64D2AAB26FE00F5CA71 /* Main.storyboard */,
				4FC1C6502AAB26FE00F5CA71 /* Info.plist */,
				4FC1C6512AAB26FE00F5CA71 /* Focus Log.entitlements */,
			);
			path = "macOS (App)";
			sourceTree = "<group>";
		};
		4FC1C65A2AAB26FE00F5CA71 /* iOS (Extension) */ = {
			isa = PBXGroup;
			children = (
				4FC1C65B2AAB26FE00F5CA71 /* Info.plist */,
			);
			path = "iOS (Extension)";
			sourceTree = "<group>";
		};
		4FC1C6642AAB26FE00F5CA71 /* macOS (Extension) */ = {
			isa = PBXGroup;
			children = (
				4FC1C6652AAB26FE00F5CA71 /* Info.plist */,
				4FC1C6662AAB26FE00F5CA71 /* Focus Log.entitlements */,
			);
			path = "macOS (Extension)";
			sourceTree = "<group>";
		};
		4FC1C6852AAB26FF00F5CA71 /* Resources */ = {
			isa = PBXGroup;
			children = (
				4FC1C6862AAB26FF00F5CA71 /* index.html */,
				4FC1C6872AAB26FF00F5CA71 /* popup.html */,
				4FC1C6882AAB26FF00F5CA71 /* vite.svg */,
				4FC1C6892AAB26FF00F5CA71 /* manifest.json */,
				4FC1C68A2AAB26FF00F5CA71 /* options.html */,
				4FC1C68B2AAB26FF00F5CA71 /* assets */,
			);
			name = Resources;
			path = "Shared (Extension)";
			sourceTree = SOURCE_ROOT;
		};
/* End PBXGroup section */

/* Begin PBXNativeTarget section */
		4FC1C6362AAB26FE00F5CA71 /* Focus Log (iOS) */ = {
			isa = PBXNativeTarget;
			buildConfigurationList = 4FC1C67B2AAB26FE00F5CA71 /* Build configuration list for PBXNativeTarget "Focus Log (iOS)" */;
			buildPhases = (
				4FC1C6332AAB26FE00F5CA71 /* Sources */,
				4FC1C6342AAB26FE00F5CA71 /* Frameworks */,
				4FC1C6352AAB26FE00F5CA71 /* Resources */,
				4FC1C67A2AAB26FE00F5CA71 /* Embed Foundation Extensions */,
			);
			buildRules = (
			);
			dependencies = (
				4FC1C6592AAB26FE00F5CA71 /* PBXTargetDependency */,
			);
			name = "Focus Log (iOS)";
			productName = "Focus Log (iOS)";
			productReference = 4FC1C6372AAB26FE00F5CA71 /* Focus Log.app */;
			productType = "com.apple.product-type.application";
		};
		4FC1C6482AAB26FE00F5CA71 /* Focus Log (macOS) */ = {
			isa = PBXNativeTarget;
			buildConfigurationList = 4FC1C6822AAB26FE00F5CA71 /* Build configuration list for PBXNativeTarget "Focus Log (macOS)" */;
			buildPhases = (
				4FC1C6452AAB26FE00F5CA71 /* Sources */,
				4FC1C6462AAB26FE00F5CA71 /* Frameworks */,
				4FC1C6472AAB26FE00F5CA71 /* Resources */,
				4FC1C6812AAB26FE00F5CA71 /* Embed Foundation Extensions */,
			);
			buildRules = (
			);
			dependencies = (
				4FC1C6632AAB26FE00F5CA71 /* PBXTargetDependency */,
			);
			name = "Focus Log (macOS)";
			productName = "Focus Log (macOS)";
			productReference = 4FC1C6492AAB26FE00F5CA71 /* Focus Log.app */;
			productType = "com.apple.product-type.application";
		};
		4FC1C6552AAB26FE00F5CA71 /* Focus Log Extension (iOS) */ = {
			isa = PBXNativeTarget;
			buildConfigurationList = 4FC1C6772AAB26FE00F5CA71 /* Build configuration list for PBXNativeTarget "Focus Log Extension (iOS)" */;
			buildPhases = (
				4FC1C6522AAB26FE00F5CA71 /* Sources */,
				4FC1C6532AAB26FE00F5CA71 /* Frameworks */,
				4FC1C6542AAB26FE00F5CA71 /* Resources */,
			);
			buildRules = (
			);
			dependencies = (
			);
			name = "Focus Log Extension (iOS)";
			productName = "Focus Log Extension (iOS)";
			productReference = 4FC1C6562AAB26FE00F5CA71 /* Focus Log Extension.appex */;
			productType = "com.apple.product-type.app-extension";
		};
		4FC1C65F2AAB26FE00F5CA71 /* Focus Log Extension (macOS) */ = {
			isa = PBXNativeTarget;
			buildConfigurationList = 4FC1C67E2AAB26FE00F5CA71 /* Build configuration list for PBXNativeTarget "Focus Log Extension (macOS)" */;
			buildPhases = (
				4FC1C65C2AAB26FE00F5CA71 /* Sources */,
				4FC1C65D2AAB26FE00F5CA71 /* Frameworks */,
				4FC1C65E2AAB26FE00F5CA71 /* Resources */,
			);
			buildRules = (
			);
			dependencies = (
			);
			name = "Focus Log Extension (macOS)";
			productName = "Focus Log Extension (macOS)";
			productReference = 4FC1C6602AAB26FE00F5CA71 /* Focus Log Extension.appex */;
			productType = "com.apple.product-type.app-extension";
		};
/* End PBXNativeTarget section */

/* Begin PBXProject section */
		4FC1C6242AAB26FD00F5CA71 /* Project object */ = {
			isa = PBXProject;
			attributes = {
				BuildIndependentTargetsInParallel = 1;
				LastSwiftUpdateCheck = 1430;
				LastUpgradeCheck = 1430;
				TargetAttributes = {
					4FC1C6362AAB26FE00F5CA71 = {
						CreatedOnToolsVersion = 14.3.1;
					};
					4FC1C6482AAB26FE00F5CA71 = {
						CreatedOnToolsVersion = 14.3.1;
					};
					4FC1C6552AAB26FE00F5CA71 = {
						CreatedOnToolsVersion = 14.3.1;
					};
					4FC1C65F2AAB26FE00F5CA71 = {
						CreatedOnToolsVersion = 14.3.1;
					};
				};
			};
			buildConfigurationList = 4FC1C6272AAB26FD00F5CA71 /* Build configuration list for PBXProject "Focus Log" */;
			compatibilityVersion = "Xcode 14.0";
			developmentRegion = en;
			hasScannedForEncodings = 0;
			knownRegions = (
				en,
				Base,
			);
			mainGroup = 4FC1C6232AAB26FD00F5CA71;
			productRefGroup = 4FC1C6382AAB26FE00F5CA71 /* Products */;
			projectDirPath = "";
			projectRoot = "";
			targets = (
				4FC1C6362AAB26FE00F5CA71 /* Focus Log (iOS) */,
				4FC1C6482AAB26FE00F5CA71 /* Focus Log (macOS) */,
				4FC1C6552AAB26FE00F5CA71 /* Focus Log Extension (iOS) */,
				4FC1C65F2AAB26FE00F5CA71 /* Focus Log Extension (macOS) */,
			);
		};
/* End PBXProject section */

/* Begin PBXResourcesBuildPhase section */
		4FC1C6352AAB26FE00F5CA71 /* Resources */ = {
			isa = PBXResourcesBuildPhase;
			buildActionMask = 2147483647;
			files = (
				4FC1C6692AAB26FE00F5CA71 /* Icon.png in Resources */,
				4FC1C6402AAB26FE00F5CA71 /* LaunchScreen.storyboard in Resources */,
				4FC1C6672AAB26FE00F5CA71 /* Main.html in Resources */,
				4FC1C66D2AAB26FE00F5CA71 /* Script.js in Resources */,
				4FC1C6712AAB26FE00F5CA71 /* Assets.xcassets in Resources */,
				4FC1C6432AAB26FE00F5CA71 /* Main.storyboard in Resources */,
				4FC1C66B2AAB26FE00F5CA71 /* Style.css in Resources */,
			);
			runOnlyForDeploymentPostprocessing = 0;
		};
		4FC1C6472AAB26FE00F5CA71 /* Resources */ = {
			isa = PBXResourcesBuildPhase;
			buildActionMask = 2147483647;
			files = (
				4FC1C66A2AAB26FE00F5CA71 /* Icon.png in Resources */,
				4FC1C66C2AAB26FE00F5CA71 /* Style.css in Resources */,
				4FC1C64F2AAB26FE00F5CA71 /* Main.storyboard in Resources */,
				4FC1C66E2AAB26FE00F5CA71 /* Script.js in Resources */,
				4FC1C6722AAB26FE00F5CA71 /* Assets.xcassets in Resources */,
				4FC1C6682AAB26FE00F5CA71 /* Main.html in Resources */,
			);
			runOnlyForDeploymentPostprocessing = 0;
		};
		4FC1C6542AAB26FE00F5CA71 /* Resources */ = {
			isa = PBXResourcesBuildPhase;
			buildActionMask = 2147483647;
			files = (
				4FC1C6952AAB26FF00F5CA71 /* manifest.json in Resources */,
				4FC1C6922AAB26FF00F5CA71 /* index.html in Resources */,
				4FC1C6962AAB26FF00F5CA71 /* options.html in Resources */,
				4FC1C6972AAB26FF00F5CA71 /* assets in Resources */,
				4FC1C6942AAB26FF00F5CA71 /* vite.svg in Resources */,
				4FC1C6932AAB26FF00F5CA71 /* popup.html in Resources */,
			);
			runOnlyForDeploymentPostprocessing = 0;
		};
		4FC1C65E2AAB26FE00F5CA71 /* Resources */ = {
			isa = PBXResourcesBuildPhase;
			buildActionMask = 2147483647;
			files = (
				4FC1C68F2AAB26FF00F5CA71 /* manifest.json in Resources */,
				4FC1C68C2AAB26FF00F5CA71 /* index.html in Resources */,
				4FC1C6902AAB26FF00F5CA71 /* options.html in Resources */,
				4FC1C6912AAB26FF00F5CA71 /* assets in Resources */,
				4FC1C68E2AAB26FF00F5CA71 /* vite.svg in Resources */,
				4FC1C68D2AAB26FF00F5CA71 /* popup.html in Resources */,
			);
			runOnlyForDeploymentPostprocessing = 0;
		};
/* End PBXResourcesBuildPhase section */

/* Begin PBXSourcesBuildPhase section */
		4FC1C6332AAB26FE00F5CA71 /* Sources */ = {
			isa = PBXSourcesBuildPhase;
			buildActionMask = 2147483647;
			files = (
				4FC1C66F2AAB26FE00F5CA71 /* ViewController.swift in Sources */,
				4FC1C63B2AAB26FE00F5CA71 /* AppDelegate.swift in Sources */,
				4FC1C63D2AAB26FE00F5CA71 /* SceneDelegate.swift in Sources */,
			);
			runOnlyForDeploymentPostprocessing = 0;
		};
		4FC1C6452AAB26FE00F5CA71 /* Sources */ = {
			isa = PBXSourcesBuildPhase;
			buildActionMask = 2147483647;
			files = (
				4FC1C6702AAB26FE00F5CA71 /* ViewController.swift in Sources */,
				4FC1C64C2AAB26FE00F5CA71 /* AppDelegate.swift in Sources */,
			);
			runOnlyForDeploymentPostprocessing = 0;
		};
		4FC1C6522AAB26FE00F5CA71 /* Sources */ = {
			isa = PBXSourcesBuildPhase;
			buildActionMask = 2147483647;
			files = (
				4FC1C6732AAB26FE00F5CA71 /* SafariWebExtensionHandler.swift in Sources */,
			);
			runOnlyForDeploymentPostprocessing = 0;
		};
		4FC1C65C2AAB26FE00F5CA71 /* Sources */ = {
			isa = PBXSourcesBuildPhase;
			buildActionMask = 2147483647;
			files = (
				4FC1C6742AAB26FE00F5CA71 /* SafariWebExtensionHandler.swift in Sources */,
			);
			runOnlyForDeploymentPostprocessing = 0;
		};
/* End PBXSourcesBuildPhase section */

/* Begin PBXTargetDependency section */
		4FC1C6592AAB26FE00F5CA71 /* PBXTargetDependency */ = {
			isa = PBXTargetDependency;
			target = 4FC1C6552AAB26FE00F5CA71 /* Focus Log Extension (iOS) */;
			targetProxy = 4FC1C6582AAB26FE00F5CA71 /* PBXContainerItemProxy */;
		};
		4FC1C6632AAB26FE00F5CA71 /* PBXTargetDependency */ = {
			isa = PBXTargetDependency;
			target = 4FC1C65F2AAB26FE00F5CA71 /* Focus Log Extension (macOS) */;
			targetProxy = 4FC1C6622AAB26FE00F5CA71 /* PBXContainerItemProxy */;
		};
/* End PBXTargetDependency section */

/* Begin PBXVariantGroup section */
		4FC1C62A2AAB26FE00F5CA71 /* Main.html */ = {
			isa = PBXVariantGroup;
			children = (
				4FC1C62B2AAB26FE00F5CA71 /* Base */,
			);
			name = Main.html;
			sourceTree = "<group>";
		};
		4FC1C63E2AAB26FE00F5CA71 /* LaunchScreen.storyboard */ = {
			isa = PBXVariantGroup;
			children = (
				4FC1C63F2AAB26FE00F5CA71 /* Base */,
			);
			name = LaunchScreen.storyboard;
			sourceTree = "<group>";
		};
		4FC1C6412AAB26FE00F5CA71 /* Main.storyboard */ = {
			isa = PBXVariantGroup;
			children = (
				4FC1C6422AAB26FE00F5CA71 /* Base */,
			);
			name = Main.storyboard;
			sourceTree = "<group>";
		};
		4FC1C64D2AAB26FE00F5CA71 /* Main.storyboard */ = {
			isa = PBXVariantGroup;
			children = (
				4FC1C64E2AAB26FE00F5CA71 /* Base */,
			);
			name = Main.storyboard;
			sourceTree = "<group>";
		};
/* End PBXVariantGroup section */

/* Begin XCBuildConfiguration section */
		4FC1C6752AAB26FE00F5CA71 /* Debug */ = {
			isa = XCBuildConfiguration;
			buildSettings = {
				ALWAYS_SEARCH_USER_PATHS = NO;
				CLANG_ANALYZER_NONNULL = YES;
				CLANG_ANALYZER_NUMBER_OBJECT_CONVERSION = YES_AGGRESSIVE;
				CLANG_CXX_LANGUAGE_STANDARD = "gnu++20";
				CLANG_ENABLE_MODULES = YES;
				CLANG_ENABLE_OBJC_ARC = YES;
				CLANG_ENABLE_OBJC_WEAK = YES;
				CLANG_WARN_BLOCK_CAPTURE_AUTORELEASING = YES;
				CLANG_WARN_BOOL_CONVERSION = YES;
				CLANG_WARN_COMMA = YES;
				CLANG_WARN_CONSTANT_CONVERSION = YES;
				CLANG_WARN_DEPRECATED_OBJC_IMPLEMENTATIONS = YES;
				CLANG_WARN_DIRECT_OBJC_ISA_USAGE = YES_ERROR;
				CLANG_WARN_DOCUMENTATION_COMMENTS = YES;
				CLANG_WARN_EMPTY_BODY = YES;
				CLANG_WARN_ENUM_CONVERSION = YES;
				CLANG_WARN_INFINITE_RECURSION = YES;
				CLANG_WARN_INT_CONVERSION = YES;
				CLANG_WARN_NON_LITERAL_NULL_CONVERSION = YES;
				CLANG_WARN_OBJC_IMPLICIT_RETAIN_SELF = YES;
				CLANG_WARN_OBJC_LITERAL_CONVERSION = YES;
				CLANG_WARN_OBJC_ROOT_CLASS = YES_ERROR;
				CLANG_WARN_QUOTED_INCLUDE_IN_FRAMEWORK_HEADER = YES;
				CLANG_WARN_RANGE_LOOP_ANALYSIS = YES;
				CLANG_WARN_STRICT_PROTOTYPES = YES;
				CLANG_WARN_SUSPICIOUS_MOVE = YES;
				CLANG_WARN_UNGUARDED_AVAILABILITY = YES_AGGRESSIVE;
				CLANG_WARN_UNREACHABLE_CODE = YES;
				CLANG_WARN__DUPLICATE_METHOD_MATCH = YES;
				COPY_PHASE_STRIP = NO;
				DEBUG_INFORMATION_FORMAT = dwarf;
				ENABLE_STRICT_OBJC_MSGSEND = YES;
				ENABLE_TESTABILITY = YES;
				GCC_C_LANGUAGE_STANDARD = gnu11;
				GCC_DYNAMIC_NO_PIC = NO;
				GCC_NO_COMMON_BLOCKS = YES;
				GCC_OPTIMIZATION_LEVEL = 0;
				GCC_PREPROCESSOR_DEFINITIONS = (
					"DEBUG=1",
					"$(inherited)",
				);
				GCC_WARN_64_TO_32_BIT_CONVERSION = YES;
				GCC_WARN_ABOUT_RETURN_TYPE = YES_ERROR;
				GCC_WARN_UNDECLARED_SELECTOR = YES;
				GCC_WARN_UNINITIALIZED_AUTOS = YES_AGGRESSIVE;
				GCC_WARN_UNUSED_FUNCTION = YES;
				GCC_WARN_UNUSED_VARIABLE = YES;
				MTL_ENABLE_DEBUG_INFO = INCLUDE_SOURCE;
				MTL_FAST_MATH = YES;
				ONLY_ACTIVE_ARCH = YES;
				SWIFT_ACTIVE_COMPILATION_CONDITIONS = DEBUG;
				SWIFT_OPTIMIZATION_LEVEL = "-Onone";
			};
			name = Debug;
		};
		4FC1C6762AAB26FE00F5CA71 /* Release */ = {
			isa = XCBuildConfiguration;
			buildSettings = {
				ALWAYS_SEARCH_USER_PATHS = NO;
				CLANG_ANALYZER_NONNULL = YES;
				CLANG_ANALYZER_NUMBER_OBJECT_CONVERSION = YES_AGGRESSIVE;
				CLANG_CXX_LANGUAGE_STANDARD = "gnu++20";
				CLANG_ENABLE_MODULES = YES;
				CLANG_ENABLE_OBJC_ARC = YES;
				CLANG_ENABLE_OBJC_WEAK = YES;
				CLANG_WARN_BLOCK_CAPTURE_AUTORELEASING = YES;
				CLANG_WARN_BOOL_CONVERSION = YES;
				CLANG_WARN_COMMA = YES;
				CLANG_WARN_CONSTANT_CONVERSION = YES;
				CLANG_WARN_DEPRECATED_OBJC_IMPLEMENTATIONS = YES;
				CLANG_WARN_DIRECT_OBJC_ISA_USAGE = YES_ERROR;
				CLANG_WARN_DOCUMENTATION_COMMENTS = YES;
				CLANG_WARN_EMPTY_BODY = YES;
				CLANG_WARN_ENUM_CONVERSION = YES;
				CLANG_WARN_INFINITE_RECURSION = YES;
				CLANG_WARN_INT_CONVERSION = YES;
				CLANG_WARN_NON_LITERAL_NULL_CONVERSION = YES;
				CLANG_WARN_OBJC_IMPLICIT_RETAIN_SELF = YES;
				CLANG_WARN_OBJC_LITERAL_CONVERSION = YES;
				CLANG_WARN_OBJC_ROOT_CLASS = YES_ERROR;
				CLANG_WARN_QUOTED_INCLUDE_IN_FRAMEWORK_HEADER = YES;
				CLANG_WARN_RANGE_LOOP_ANALYSIS = YES;
				CLANG_WARN_STRICT_PROTOTYPES = YES;
				CLANG_WARN_SUSPICIOUS_MOVE = YES;
				CLANG_WARN_UNGUARDED_AVAILABILITY = YES_AGGRESSIVE;
				CLANG_WARN_UNREACHABLE_CODE = YES;
				CLANG_WARN__DUPLICATE_METHOD_MATCH = YES;
				COPY_PHASE_STRIP = NO;
				DEBUG_INFORMATION_FORMAT = "dwarf-with-dsym";
				ENABLE_NS_ASSERTIONS = NO;
				ENABLE_STRICT_OBJC_MSGSEND = YES;
				GCC_C_LANGUAGE_STANDARD = gnu11;
				GCC_NO_COMMON_BLOCKS = YES;
				GCC_WARN_64_TO_32_BIT_CONVERSION = YES;
				GCC_WARN_ABOUT_RETURN_TYPE = YES_ERROR;
				GCC_WARN_UNDECLARED_SELECTOR = YES;
				GCC_WARN_UNINITIALIZED_AUTOS = YES_AGGRESSIVE;
				GCC_WARN_UNUSED_FUNCTION = YES;
				GCC_WARN_UNUSED_VARIABLE = YES;
				MTL_ENABLE_DEBUG_INFO = NO;
				MTL_FAST_MATH = YES;
				SWIFT_COMPILATION_MODE = wholemodule;
				SWIFT_OPTIMIZATION_LEVEL = "-O";
			};
			name = Release;
		};
		4FC1C6782AAB26FE00F5CA71 /* Debug */ = {
			isa = XCBuildConfiguration;
			buildSettings = {
				CODE_SIGN_STYLE = Automatic;
				CURRENT_PROJECT_VERSION = 1;
				GENERATE_INFOPLIST_FILE = YES;
				INFOPLIST_FILE = "iOS (Extension)/Info.plist";
				INFOPLIST_KEY_CFBundleDisplayName = "Focus Log Extension";
				INFOPLIST_KEY_NSHumanReadableCopyright = "";
				IPHONEOS_DEPLOYMENT_TARGET = 15.0;
				LD_RUNPATH_SEARCH_PATHS = (
					"$(inherited)",
					"@executable_path/Frameworks",
					"@executable_path/../../Frameworks",
				);
				MARKETING_VERSION = 1.0;
				OTHER_LDFLAGS = (
					"-framework",
					SafariServices,
				);
				PRODUCT_BUNDLE_IDENTIFIER = "com.yourCompany.Focus-Log.Extension";
				PRODUCT_NAME = "Focus Log Extension";
				SDKROOT = iphoneos;
				SKIP_INSTALL = YES;
				SWIFT_EMIT_LOC_STRINGS = YES;
				SWIFT_VERSION = 5.0;
				TARGETED_DEVICE_FAMILY = "1,2";
			};
			name = Debug;
		};
		4FC1C6792AAB26FE00F5CA71 /* Release */ = {
			isa = XCBuildConfiguration;
			buildSettings = {
				CODE_SIGN_STYLE = Automatic;
				CURRENT_PROJECT_VERSION = 1;
				GENERATE_INFOPLIST_FILE = YES;
				INFOPLIST_FILE = "iOS (Extension)/Info.plist";
				INFOPLIST_KEY_CFBundleDisplayName = "Focus Log Extension";
				INFOPLIST_KEY_NSHumanReadableCopyright = "";
				IPHONEOS_DEPLOYMENT_TARGET = 15.0;
				LD_RUNPATH_SEARCH_PATHS = (
					"$(inherited)",
					"@executable_path/Frameworks",
					"@executable_path/../../Frameworks",
				);
				MARKETING_VERSION = 1.0;
				OTHER_LDFLAGS = (
					"-framework",
					SafariServices,
				);
				PRODUCT_BUNDLE_IDENTIFIER = "com.yourCompany.Focus-Log.Extension";
				PRODUCT_NAME = "Focus Log Extension";
				SDKROOT = iphoneos;
				SKIP_INSTALL = YES;
				SWIFT_EMIT_LOC_STRINGS = YES;
				SWIFT_VERSION = 5.0;
				TARGETED_DEVICE_FAMILY = "1,2";
				VALIDATE_PRODUCT = YES;
			};
			name = Release;
		};
		4FC1C67C2AAB26FE00F5CA71 /* Debug */ = {
			isa = XCBuildConfiguration;
			buildSettings = {
				ALWAYS_EMBED_SWIFT_STANDARD_LIBRARIES = YES;
				ASSETCATALOG_COMPILER_APPICON_NAME = AppIcon;
				ASSETCATALOG_COMPILER_GLOBAL_ACCENT_COLOR_NAME = AccentColor;
				CODE_SIGN_STYLE = Automatic;
				CURRENT_PROJECT_VERSION = 1;
				GENERATE_INFOPLIST_FILE = YES;
				INFOPLIST_FILE = "iOS (App)/Info.plist";
				INFOPLIST_KEY_CFBundleDisplayName = "Focus Log";
				INFOPLIST_KEY_UIApplicationSupportsIndirectInputEvents = YES;
				INFOPLIST_KEY_UILaunchStoryboardName = LaunchScreen;
				INFOPLIST_KEY_UIMainStoryboardFile = Main;
				INFOPLIST_KEY_UISupportedInterfaceOrientations = "UIInterfaceOrientationPortrait UIInterfaceOrientationLandscapeLeft UIInterfaceOrientationLandscapeRight";
				INFOPLIST_KEY_UISupportedInterfaceOrientations_iPad = "UIInterfaceOrientationPortrait UIInterfaceOrientationPortraitUpsideDown UIInterfaceOrientationLandscapeLeft UIInterfaceOrientationLandscapeRight";
				IPHONEOS_DEPLOYMENT_TARGET = 15.0;
				LD_RUNPATH_SEARCH_PATHS = (
					"$(inherited)",
					"@executable_path/Frameworks",
				);
				MARKETING_VERSION = 1.0;
				OTHER_LDFLAGS = (
					"-framework",
					SafariServices,
					"-framework",
					WebKit,
				);
				PRODUCT_BUNDLE_IDENTIFIER = "com.yourCompany.Focus-Log";
				PRODUCT_NAME = "Focus Log";
				SDKROOT = iphoneos;
				SWIFT_EMIT_LOC_STRINGS = YES;
				SWIFT_VERSION = 5.0;
				TARGETED_DEVICE_FAMILY = "1,2";
			};
			name = Debug;
		};
		4FC1C67D2AAB26FE00F5CA71 /* Release */ = {
			isa = XCBuildConfiguration;
			buildSettings = {
				ALWAYS_EMBED_SWIFT_STANDARD_LIBRARIES = YES;
				ASSETCATALOG_COMPILER_APPICON_NAME = AppIcon;
				ASSETCATALOG_COMPILER_GLOBAL_ACCENT_COLOR_NAME = AccentColor;
				CODE_SIGN_STYLE = Automatic;
				CURRENT_PROJECT_VERSION = 1;
				GENERATE_INFOPLIST_FILE = YES;
				INFOPLIST_FILE = "iOS (App)/Info.plist";
				INFOPLIST_KEY_CFBundleDisplayName = "Focus Log";
				INFOPLIST_KEY_UIApplicationSupportsIndirectInputEvents = YES;
				INFOPLIST_KEY_UILaunchStoryboardName = LaunchScreen;
				INFOPLIST_KEY_UIMainStoryboardFile = Main;
				INFOPLIST_KEY_UISupportedInterfaceOrientations = "UIInterfaceOrientationPortrait UIInterfaceOrientationLandscapeLeft UIInterfaceOrientationLandscapeRight";
				INFOPLIST_KEY_UISupportedInterfaceOrientations_iPad = "UIInterfaceOrientationPortrait UIInterfaceOrientationPortraitUpsideDown UIInterfaceOrientationLandscapeLeft UIInterfaceOrientationLandscapeRight";
				IPHONEOS_DEPLOYMENT_TARGET = 15.0;
				LD_RUNPATH_SEARCH_PATHS = (
					"$(inherited)",
					"@executable_path/Frameworks",
				);
				MARKETING_VERSION = 1.0;
				OTHER_LDFLAGS = (
					"-framework",
					SafariServices,
					"-framework",
					WebKit,
				);
				PRODUCT_BUNDLE_IDENTIFIER = "com.yourCompany.Focus-Log";
				PRODUCT_NAME = "Focus Log";
				SDKROOT = iphoneos;
				SWIFT_EMIT_LOC_STRINGS = YES;
				SWIFT_VERSION = 5.0;
				TARGETED_DEVICE_FAMILY = "1,2";
				VALIDATE_PRODUCT = YES;
			};
			name = Release;
		};
		4FC1C67F2AAB26FE00F5CA71 /* Debug */ = {
			isa = XCBuildConfiguration;
			buildSettings = {
				CODE_SIGN_ENTITLEMENTS = "macOS (Extension)/Focus Log.entitlements";
				CODE_SIGN_STYLE = Automatic;
				CURRENT_PROJECT_VERSION = 1;
				ENABLE_HARDENED_RUNTIME = YES;
				GENERATE_INFOPLIST_FILE = YES;
				INFOPLIST_FILE = "macOS (Extension)/Info.plist";
				INFOPLIST_KEY_CFBundleDisplayName = "Focus Log Extension";
				INFOPLIST_KEY_NSHumanReadableCopyright = "";
				LD_RUNPATH_SEARCH_PATHS = (
					"$(inherited)",
					"@executable_path/../Frameworks",
					"@executable_path/../../../../Frameworks",
				);
				MACOSX_DEPLOYMENT_TARGET = 10.14;
				MARKETING_VERSION = 1.0;
				OTHER_LDFLAGS = (
					"-framework",
					SafariServices,
				);
				PRODUCT_BUNDLE_IDENTIFIER = "com.yourCompany.Focus-Log.Extension";
				PRODUCT_NAME = "Focus Log Extension";
				SDKROOT = macosx;
				SKIP_INSTALL = YES;
				SWIFT_EMIT_LOC_STRINGS = YES;
				SWIFT_VERSION = 5.0;
			};
			name = Debug;
		};
		4FC1C6802AAB26FE00F5CA71 /* Release */ = {
			isa = XCBuildConfiguration;
			buildSettings = {
				CODE_SIGN_ENTITLEMENTS = "macOS (Extension)/Focus Log.entitlements";
				CODE_SIGN_STYLE = Automatic;
				CURRENT_PROJECT_VERSION = 1;
				ENABLE_HARDENED_RUNTIME = YES;
				GENERATE_INFOPLIST_FILE = YES;
				INFOPLIST_FILE = "macOS (Extension)/Info.plist";
				INFOPLIST_KEY_CFBundleDisplayName = "Focus Log Extension";
				INFOPLIST_KEY_NSHumanReadableCopyright = "";
				LD_RUNPATH_SEARCH_PATHS = (
					"$(inherited)",
					"@executable_path/../Frameworks",
					"@executable_path/../../../../Frameworks",
				);
				MACOSX_DEPLOYMENT_TARGET = 10.14;
				MARKETING_VERSION = 1.0;
				OTHER_LDFLAGS = (
					"-framework",
					SafariServices,
				);
				PRODUCT_BUNDLE_IDENTIFIER = "com.yourCompany.Focus-Log.Extension";
				PRODUCT_NAME = "Focus Log Extension";
				SDKROOT = macosx;
				SKIP_INSTALL = YES;
				SWIFT_EMIT_LOC_STRINGS = YES;
				SWIFT_VERSION = 5.0;
			};
			name = Release;
		};
		4FC1C6832AAB26FE00F5CA71 /* Debug */ = {
			isa = XCBuildConfiguration;
			buildSettings = {
				ALWAYS_EMBED_SWIFT_STANDARD_LIBRARIES = YES;
				ASSETCATALOG_COMPILER_APPICON_NAME = AppIcon;
				ASSETCATALOG_COMPILER_GLOBAL_ACCENT_COLOR_NAME = AccentColor;
				CODE_SIGN_ENTITLEMENTS = "macOS (App)/Focus Log.entitlements";
				CODE_SIGN_STYLE = Automatic;
				CURRENT_PROJECT_VERSION = 1;
				ENABLE_HARDENED_RUNTIME = YES;
				GENERATE_INFOPLIST_FILE = YES;
				INFOPLIST_FILE = "macOS (App)/Info.plist";
				INFOPLIST_KEY_CFBundleDisplayName = "Focus Log";
				INFOPLIST_KEY_NSMainStoryboardFile = Main;
				INFOPLIST_KEY_NSPrincipalClass = NSApplication;
				LD_RUNPATH_SEARCH_PATHS = (
					"$(inherited)",
					"@executable_path/../Frameworks",
				);
				MACOSX_DEPLOYMENT_TARGET = 10.14;
				MARKETING_VERSION = 1.0;
				OTHER_LDFLAGS = (
					"-framework",
					SafariServices,
					"-framework",
					WebKit,
				);
				PRODUCT_BUNDLE_IDENTIFIER = "com.yourCompany.Focus-Log";
				PRODUCT_NAME = "Focus Log";
				SDKROOT = macosx;
				SWIFT_EMIT_LOC_STRINGS = YES;
				SWIFT_VERSION = 5.0;
			};
			name = Debug;
		};
		4FC1C6842AAB26FE00F5CA71 /* Release */ = {
			isa = XCBuildConfiguration;
			buildSettings = {
				ALWAYS_EMBED_SWIFT_STANDARD_LIBRARIES = YES;
				ASSETCATALOG_COMPILER_APPICON_NAME = AppIcon;
				ASSETCATALOG_COMPILER_GLOBAL_ACCENT_COLOR_NAME = AccentColor;
				CODE_SIGN_ENTITLEMENTS = "macOS (App)/Focus Log.entitlements";
				CODE_SIGN_STYLE = Automatic;
				CURRENT_PROJECT_VERSION = 1;
				ENABLE_HARDENED_RUNTIME = YES;
				GENERATE_INFOPLIST_FILE = YES;
				INFOPLIST_FILE = "macOS (App)/Info.plist";
				INFOPLIST_KEY_CFBundleDisplayName = "Focus Log";
				INFOPLIST_KEY_NSMainStoryboardFile = Main;
				INFOPLIST_KEY_NSPrincipalClass = NSApplication;
				LD_RUNPATH_SEARCH_PATHS = (
					"$(inherited)",
					"@executable_path/../Frameworks",
				);
				MACOSX_DEPLOYMENT_TARGET = 10.14;
				MARKETING_VERSION = 1.0;
				OTHER_LDFLAGS = (
					"-framework",
					SafariServices,
					"-framework",
					WebKit,
				);
				PRODUCT_BUNDLE_IDENTIFIER = "com.yourCompany.Focus-Log";
				PRODUCT_NAME = "Focus Log";
				SDKROOT = macosx;
				SWIFT_EMIT_LOC_STRINGS = YES;
				SWIFT_VERSION = 5.0;
			};
			name = Release;
		};
/* End XCBuildConfiguration section */

/* Begin XCConfigurationList section */
		4FC1C6272AAB26FD00F5CA71 /* Build configuration list for PBXProject "Focus Log" */ = {
			isa = XCConfigurationList;
			buildConfigurations = (
				4FC1C6752AAB26FE00F5CA71 /* Debug */,
				4FC1C6762AAB26FE00F5CA71 /* Release */,
			);
			defaultConfigurationIsVisible = 0;
			defaultConfigurationName = Release;
		};
		4FC1C6772AAB26FE00F5CA71 /* Build configuration list for PBXNativeTarget "Focus Log Extension (iOS)" */ = {
			isa = XCConfigurationList;
			buildConfigurations = (
				4FC1C6782AAB26FE00F5CA71 /* Debug */,
				4FC1C6792AAB26FE00F5CA71 /* Release */,
			);
			defaultConfigurationIsVisible = 0;
			defaultConfigurationName = Release;
		};
		4FC1C67B2AAB26FE00F5CA71 /* Build configuration list for PBXNativeTarget "Focus Log (iOS)" */ = {
			isa = XCConfigurationList;
			buildConfigurations = (
				4FC1C67C2AAB26FE00F5CA71 /* Debug */,
				4FC1C67D2AAB26FE00F5CA71 /* Release */,
			);
			defaultConfigurationIsVisible = 0;
			defaultConfigurationName = Release;
		};
		4FC1C67E2AAB26FE00F5CA71 /* Build configuration list for PBXNativeTarget "Focus Log Extension (macOS)" */ = {
			isa = XCConfigurationList;
			buildConfigurations = (
				4FC1C67F2AAB26FE00F5CA71 /* Debug */,
				4FC1C6802AAB26FE00F5CA71 /* Release */,
			);
			defaultConfigurationIsVisible = 0;
			defaultConfigurationName = Release;
		};
		4FC1C6822AAB26FE00F5CA71 /* Build configuration list for PBXNativeTarget "Focus Log (macOS)" */ = {
			isa = XCConfigurationList;
			buildConfigurations = (
				4FC1C6832AAB26FE00F5CA71 /* Debug */,
				4FC1C6842AAB26FE00F5CA71 /* Release */,
			);
			defaultConfigurationIsVisible = 0;
			defaultConfigurationName = Release;
		};
/* End XCConfigurationList section */
	};
	rootObject = 4FC1C6242AAB26FD00F5CA71 /* Project object */;
}
